
Microsoft Visual Studio Solution File, Format Version 12.00
# Visual Studio 15
VisualStudioVersion = 15.0.28307.572
MinimumVisualStudioVersion = 10.0.40219.1
Project("{FAE04EC0-301F-11D3-BF4B-00C04F79EFBC}") = "App", "App\App.csproj", "{BE27941F-0910-4818-949B-0008953E274A}"
EndProject
Global
	GlobalSection(SolutionConfigurationPlatforms) = preSolution
		Debug|Any CPU = Debug|Any CPU
		Release|Any CPU = Release|Any CPU
	EndGlobalSection
	GlobalSection(ProjectConfigurationPlatforms) = postSolution
		{BE27941F-0910-4818-949B-0008953E274A}.Debug|Any CPU.ActiveCfg = Debug|Any CPU
		{BE27941F-0910-4818-949B-0008953E274A}.Debug|Any CPU.Build.0 = Debug|Any CPU
		{BE27941F-0910-4818-949B-0008953E274A}.Release|Any CPU.ActiveCfg = Release|Any CPU
		{BE27941F-0910-4818-949B-0008953E274A}.Release|Any CPU.Build.0 = Release|Any CPU
	EndGlobalSection
	GlobalSection(SolutionProperties) = preSolution
		HideSolutionNode = FALSE
	EndGlobalSection
	GlobalSection(ExtensibilityGlobals) = postSolution
		SolutionGuid = {8D4672C1-121A-44BD-B43B-A16869FE8E5F}
	EndGlobalSection
EndGlobal
